
Microsoft Visual Studio Solution File, Format Version 12.00
# Visual Studio Version 16
VisualStudioVersion = 16.0.31313.79
MinimumVisualStudioVersion = 10.0.40219.1
Project("{FAE04EC0-301F-11D3-BF4B-00C04F79EFBC}") = "PeasantMultiplication", "PeasantMultiplication\PeasantMultiplication.csproj", "{1714F9E1-3EA5-4A2B-B27D-43D650AF0157}"
EndProject
Global
	GlobalSection(SolutionConfigurationPlatforms) = preSolution
		Debug|Any CPU = Debug|Any CPU
		Release|Any CPU = Release|Any CPU
	EndGlobalSection
	GlobalSection(ProjectConfigurationPlatforms) = postSolution
		{1714F9E1-3EA5-4A2B-B27D-43D650AF0157}.Debug|Any CPU.ActiveCfg = Debug|Any CPU
		{1714F9E1-3EA5-4A2B-B27D-43D650AF0157}.Debug|Any CPU.Build.0 = Debug|Any CPU
		{1714F9E1-3EA5-4A2B-B27D-43D650AF0157}.Release|Any CPU.ActiveCfg = Release|Any CPU
		{1714F9E1-3EA5-4A2B-B27D-43D650AF0157}.Release|Any CPU.Build.0 = Release|Any CPU
	EndGlobalSection
	GlobalSection(SolutionProperties) = preSolution
		HideSolutionNode = FALSE
	EndGlobalSection
	GlobalSection(ExtensibilityGlobals) = postSolution
		SolutionGuid = {D7A84C40-F027-4873-A87C-AA40BB20F7C9}
	EndGlobalSection
EndGlobal
